
Microsoft Visual Studio Solution File, Format Version 12.00
# Visual Studio Version 17
VisualStudioVersion = 17.2.32516.85
MinimumVisualStudioVersion = 10.0.40219.1
Project("{9A19103F-16F7-4668-BE54-9A1E7A4F7556}") = "OnventisTT", "API\OnventisTT.csproj", "{49214F73-2C2E-43A2-A523-307199F5DD0D}"
EndProject
Project("{2150E333-8FDC-42A3-9474-1A3956D46DE8}") = "Solution Items", "Solution Items", "{E58B7652-7EBA-43CB-AAE3-BDA19D47757D}"
	ProjectSection(SolutionItems) = preProject
		.editorconfig = .editorconfig
	EndProjectSection
EndProject
Project("{9A19103F-16F7-4668-BE54-9A1E7A4F7556}") = "MessageBusConsumerConsole", "MessageBusConsumerConsole\MessageBusConsumerConsole.csproj", "{399818EF-1A5E-436D-B50D-5E8AD691FD78}"
EndProject
Global
	GlobalSection(SolutionConfigurationPlatforms) = preSolution
		Debug|Any CPU = Debug|Any CPU
		Release|Any CPU = Release|Any CPU
	EndGlobalSection
	GlobalSection(ProjectConfigurationPlatforms) = postSolution
		{49214F73-2C2E-43A2-A523-307199F5DD0D}.Debug|Any CPU.ActiveCfg = Debug|Any CPU
		{49214F73-2C2E-43A2-A523-307199F5DD0D}.Debug|Any CPU.Build.0 = Debug|Any CPU
		{49214F73-2C2E-43A2-A523-307199F5DD0D}.Release|Any CPU.ActiveCfg = Release|Any CPU
		{49214F73-2C2E-43A2-A523-307199F5DD0D}.Release|Any CPU.Build.0 = Release|Any CPU
		{399818EF-1A5E-436D-B50D-5E8AD691FD78}.Debug|Any CPU.ActiveCfg = Debug|Any CPU
		{399818EF-1A5E-436D-B50D-5E8AD691FD78}.Debug|Any CPU.Build.0 = Debug|Any CPU
		{399818EF-1A5E-436D-B50D-5E8AD691FD78}.Release|Any CPU.ActiveCfg = Release|Any CPU
		{399818EF-1A5E-436D-B50D-5E8AD691FD78}.Release|Any CPU.Build.0 = Release|Any CPU
	EndGlobalSection
	GlobalSection(SolutionProperties) = preSolution
		HideSolutionNode = FALSE
	EndGlobalSection
	GlobalSection(ExtensibilityGlobals) = postSolution
		SolutionGuid = {6009B98C-9E05-4219-8C70-AF7695E854D7}
	EndGlobalSection
EndGlobal
